
Microsoft Visual Studio Solution File, Format Version 12.00
# Visual Studio Version 17
VisualStudioVersion = 17.6.33801.468
MinimumVisualStudioVersion = 10.0.40219.1
Project("{FAE04EC0-301F-11D3-BF4B-00C04F79EFBC}") = "WarframeInventory", "WarframeInventory.csproj", "{77394E23-C56B-49E8-A951-8107BFE15138}"
EndProject
Global
	GlobalSection(SolutionConfigurationPlatforms) = preSolution
		Debug|Any CPU = Debug|Any CPU
		Release|Any CPU = Release|Any CPU
	EndGlobalSection
	GlobalSection(ProjectConfigurationPlatforms) = postSolution
		{77394E23-C56B-49E8-A951-8107BFE15138}.Debug|Any CPU.ActiveCfg = Debug|Any CPU
		{77394E23-C56B-49E8-A951-8107BFE15138}.Debug|Any CPU.Build.0 = Debug|Any CPU
		{77394E23-C56B-49E8-A951-8107BFE15138}.Release|Any CPU.ActiveCfg = Release|Any CPU
		{77394E23-C56B-49E8-A951-8107BFE15138}.Release|Any CPU.Build.0 = Release|Any CPU
	EndGlobalSection
	GlobalSection(SolutionProperties) = preSolution
		HideSolutionNode = FALSE
	EndGlobalSection
	GlobalSection(ExtensibilityGlobals) = postSolution
		SolutionGuid = {33C38C0E-AE99-4DE3-A7CE-5BC270D18740}
	EndGlobalSection
EndGlobal
